
Microsoft Visual Studio Solution File, Format Version 12.00
# Visual Studio Version 17
VisualStudioVersion = 17.1.32228.430
MinimumVisualStudioVersion = 10.0.40219.1
Project("{9A19103F-16F7-4668-BE54-9A1E7A4F7556}") = "OpenNAC.Service", "OpenNAC.Service\OpenNAC.Service.csproj", "{A49DBAFD-B071-4BC2-B233-430C6553C252}"
EndProject
Project("{9A19103F-16F7-4668-BE54-9A1E7A4F7556}") = "Flexinets.Radius.Core", "Flexinets.Radius.Core\Flexinets.Radius.Core\Flexinets.Radius.Core.csproj", "{9F72C664-A114-4F5A-AEDC-4AE725379F15}"
EndProject
Project("{9A19103F-16F7-4668-BE54-9A1E7A4F7556}") = "Flexinets.Radius.RadiusServer", "Flexinets.Radius.RadiusServer\RadiusServer\Flexinets.Radius.RadiusServer.csproj", "{74CB0214-080D-4FCC-BC0A-4AE842C93B46}"
EndProject
Project("{9A19103F-16F7-4668-BE54-9A1E7A4F7556}") = "OpenNAC.Core", "OpenNAC.Core\OpenNAC.Core.csproj", "{59AB4329-F74F-4D16-80FA-EBF4F257988C}"
EndProject
Project("{9A19103F-16F7-4668-BE54-9A1E7A4F7556}") = "OpenNAC.Vendors.Aruba", "OpenNAC.Vendors.Aruba\OpenNAC.Vendors.Aruba.csproj", "{974AEAB4-B782-4255-9E67-C6CADF457257}"
EndProject
Project("{2150E333-8FDC-42A3-9474-1A3956D46DE8}") = "Authentication", "Authentication", "{32C1C18D-D598-440A-A758-FD8C38BD5BD9}"
EndProject
Project("{FAE04EC0-301F-11D3-BF4B-00C04F79EFBC}") = "OpenNAC.Authentication.ActiveDirectory", "OpenNAC.Authentication.ActiveDirectory\OpenNAC.Authentication.ActiveDirectory.csproj", "{3A8B8A8A-4EBB-4302-8E20-A803026A7065}"
EndProject
Global
	GlobalSection(SolutionConfigurationPlatforms) = preSolution
		Debug|Any CPU = Debug|Any CPU
		Release|Any CPU = Release|Any CPU
	EndGlobalSection
	GlobalSection(ProjectConfigurationPlatforms) = postSolution
		{A49DBAFD-B071-4BC2-B233-430C6553C252}.Debug|Any CPU.ActiveCfg = Debug|Any CPU
		{A49DBAFD-B071-4BC2-B233-430C6553C252}.Debug|Any CPU.Build.0 = Debug|Any CPU
		{A49DBAFD-B071-4BC2-B233-430C6553C252}.Release|Any CPU.ActiveCfg = Release|Any CPU
		{A49DBAFD-B071-4BC2-B233-430C6553C252}.Release|Any CPU.Build.0 = Release|Any CPU
		{9F72C664-A114-4F5A-AEDC-4AE725379F15}.Debug|Any CPU.ActiveCfg = Debug|Any CPU
		{9F72C664-A114-4F5A-AEDC-4AE725379F15}.Debug|Any CPU.Build.0 = Debug|Any CPU
		{9F72C664-A114-4F5A-AEDC-4AE725379F15}.Release|Any CPU.ActiveCfg = Release|Any CPU
		{9F72C664-A114-4F5A-AEDC-4AE725379F15}.Release|Any CPU.Build.0 = Release|Any CPU
		{74CB0214-080D-4FCC-BC0A-4AE842C93B46}.Debug|Any CPU.ActiveCfg = Debug|Any CPU
		{74CB0214-080D-4FCC-BC0A-4AE842C93B46}.Debug|Any CPU.Build.0 = Debug|Any CPU
		{74CB0214-080D-4FCC-BC0A-4AE842C93B46}.Release|Any CPU.ActiveCfg = Release|Any CPU
		{74CB0214-080D-4FCC-BC0A-4AE842C93B46}.Release|Any CPU.Build.0 = Release|Any CPU
		{59AB4329-F74F-4D16-80FA-EBF4F257988C}.Debug|Any CPU.ActiveCfg = Debug|Any CPU
		{59AB4329-F74F-4D16-80FA-EBF4F257988C}.Debug|Any CPU.Build.0 = Debug|Any CPU
		{59AB4329-F74F-4D16-80FA-EBF4F257988C}.Release|Any CPU.ActiveCfg = Release|Any CPU
		{59AB4329-F74F-4D16-80FA-EBF4F257988C}.Release|Any CPU.Build.0 = Release|Any CPU
		{974AEAB4-B782-4255-9E67-C6CADF457257}.Debug|Any CPU.ActiveCfg = Debug|Any CPU
		{974AEAB4-B782-4255-9E67-C6CADF457257}.Debug|Any CPU.Build.0 = Debug|Any CPU
		{974AEAB4-B782-4255-9E67-C6CADF457257}.Release|Any CPU.ActiveCfg = Release|Any CPU
		{974AEAB4-B782-4255-9E67-C6CADF457257}.Release|Any CPU.Build.0 = Release|Any CPU
		{3A8B8A8A-4EBB-4302-8E20-A803026A7065}.Debug|Any CPU.ActiveCfg = Debug|Any CPU
		{3A8B8A8A-4EBB-4302-8E20-A803026A7065}.Debug|Any CPU.Build.0 = Debug|Any CPU
		{3A8B8A8A-4EBB-4302-8E20-A803026A7065}.Release|Any CPU.ActiveCfg = Release|Any CPU
		{3A8B8A8A-4EBB-4302-8E20-A803026A7065}.Release|Any CPU.Build.0 = Release|Any CPU
	EndGlobalSection
	GlobalSection(SolutionProperties) = preSolution
		HideSolutionNode = FALSE
	EndGlobalSection
	GlobalSection(NestedProjects) = preSolution
		{3A8B8A8A-4EBB-4302-8E20-A803026A7065} = {32C1C18D-D598-440A-A758-FD8C38BD5BD9}
	EndGlobalSection
	GlobalSection(ExtensibilityGlobals) = postSolution
		SolutionGuid = {5FB29387-F29D-4B8C-95CA-00F8B4CBFFFB}
	EndGlobalSection
EndGlobal
